
Microsoft Visual Studio Solution File, Format Version 12.00
# Visual Studio Version 16
VisualStudioVersion = 16.0.30128.74
MinimumVisualStudioVersion = 10.0.40219.1
Project("{888888A0-9F3D-457C-B088-3A5042F75D52}") = "FlaskWebProject1", "FlaskWebProject1\FlaskWebProject1.pyproj", "{59A69B63-9641-4F8E-8937-5FB94887E2A9}"
EndProject
Global
	GlobalSection(SolutionConfigurationPlatforms) = preSolution
		Debug|Any CPU = Debug|Any CPU
		Release|Any CPU = Release|Any CPU
	EndGlobalSection
	GlobalSection(ProjectConfigurationPlatforms) = postSolution
		{59A69B63-9641-4F8E-8937-5FB94887E2A9}.Debug|Any CPU.ActiveCfg = Debug|Any CPU
		{59A69B63-9641-4F8E-8937-5FB94887E2A9}.Debug|Any CPU.Build.0 = Debug|Any CPU
		{59A69B63-9641-4F8E-8937-5FB94887E2A9}.Release|Any CPU.ActiveCfg = Release|Any CPU
		{59A69B63-9641-4F8E-8937-5FB94887E2A9}.Release|Any CPU.Build.0 = Release|Any CPU
	EndGlobalSection
	GlobalSection(SolutionProperties) = preSolution
		HideSolutionNode = FALSE
	EndGlobalSection
	GlobalSection(ExtensibilityGlobals) = postSolution
		SolutionGuid = {3617BD31-3D21-44F7-AB85-C9585794F2BC}
	EndGlobalSection
EndGlobal
